
Microsoft Visual Studio Solution File, Format Version 12.00
# Visual Studio Version 17
VisualStudioVersion = 17.12.35527.113 d17.12
MinimumVisualStudioVersion = 10.0.40219.1
Project("{FAE04EC0-301F-11D3-BF4B-00C04F79EFBC}") = "WebApp.WebUI", "WebApp.WebUI\WebApp.WebUI.csproj", "{AB86A7A8-1894-4198-A20C-C7394018F48D}"
EndProject
Global
	GlobalSection(SolutionConfigurationPlatforms) = preSolution
		Debug|Any CPU = Debug|Any CPU
		Release|Any CPU = Release|Any CPU
	EndGlobalSection
	GlobalSection(ProjectConfigurationPlatforms) = postSolution
		{AB86A7A8-1894-4198-A20C-C7394018F48D}.Debug|Any CPU.ActiveCfg = Debug|Any CPU
		{AB86A7A8-1894-4198-A20C-C7394018F48D}.Debug|Any CPU.Build.0 = Debug|Any CPU
		{AB86A7A8-1894-4198-A20C-C7394018F48D}.Release|Any CPU.ActiveCfg = Release|Any CPU
		{AB86A7A8-1894-4198-A20C-C7394018F48D}.Release|Any CPU.Build.0 = Release|Any CPU
	EndGlobalSection
	GlobalSection(SolutionProperties) = preSolution
		HideSolutionNode = FALSE
	EndGlobalSection
EndGlobal
